
Microsoft Visual Studio Solution File, Format Version 12.00
# Visual Studio Version 17
VisualStudioVersion = 17.14.36414.22
MinimumVisualStudioVersion = 10.0.40219.1
Project("{2150E333-8FDC-42A3-9474-1A3956D46DE8}") = "Task0", "Task0", "{02EA681E-C7D8-13C7-8484-4AC65E1B71E8}"
EndProject
Project("{FAE04EC0-301F-11D3-BF4B-00C04F79EFBC}") = "Tyuiu.BukhryakovAY.Sprint4.Task0.V16", "Tyuiu.BukhryakovAY.Sprint4.Task0.V16\Tyuiu.BukhryakovAY.Sprint4.Task0.V16.csproj", "{24A95DDD-3A54-4996-981B-D6DC2F1C373F}"
EndProject
Project("{FAE04EC0-301F-11D3-BF4B-00C04F79EFBC}") = "Tyuiu.BukhryakovAY.Sprint4.Task0.V16.Test", "Tyuiu.BukhryakovAY.Sprint4.Task0.V16.Test\Tyuiu.BukhryakovAY.Sprint4.Task0.V16.Test.csproj", "{5DBA9ACC-EDC0-4562-9056-01803329181A}"
EndProject
Project("{FAE04EC0-301F-11D3-BF4B-00C04F79EFBC}") = "Tyuiu.BukhryakovAY.Sprint4.Task0.V16.Lib", "Tyuiu.BukhryakovAY.Sprint4.Task0.V16.Lib\Tyuiu.BukhryakovAY.Sprint4.Task0.V16.Lib.csproj", "{0CA23091-BF07-4A8B-A2E6-E1FBBBE95C10}"
EndProject
Project("{2150E333-8FDC-42A3-9474-1A3956D46DE8}") = "Task1", "Task1", "{765456D7-8C56-49F5-800E-BFA2E41C4763}"
EndProject
Project("{FAE04EC0-301F-11D3-BF4B-00C04F79EFBC}") = "Tyuiu.BukhryakovAY.Sprint4.Task1.V16", "Tyuiu.BukhryakovAY.Sprint4.Task1.V16\Tyuiu.BukhryakovAY.Sprint4.Task1.V16.csproj", "{1E87BCA1-8C8E-4277-B2C6-E519FD42A977}"
EndProject
Project("{FAE04EC0-301F-11D3-BF4B-00C04F79EFBC}") = "Tyuiu.BukhryakovAY.Sprint4.Task1.V16.Lib", "Tyuiu.BukhryakovAY.Sprint4.Task1.V16.Lib\Tyuiu.BukhryakovAY.Sprint4.Task1.V16.Lib.csproj", "{E6F075E7-0A6D-4DF8-9A57-5202B6103992}"
EndProject
Project("{FAE04EC0-301F-11D3-BF4B-00C04F79EFBC}") = "Tyuiu.BukhryakovAY.Sprint4.Task1.V16.Test", "Tyuiu.BukhryakovAY.Sprint4.Task1.V16.Test\Tyuiu.BukhryakovAY.Sprint4.Task1.V16.Test.csproj", "{4AF33AFE-950F-4FF9-BA58-83E325211159}"
EndProject
Project("{2150E333-8FDC-42A3-9474-1A3956D46DE8}") = "Task2", "Task2", "{5B7D9E2C-6486-4A37-A5DE-7DE2204ABC4E}"
EndProject
Project("{FAE04EC0-301F-11D3-BF4B-00C04F79EFBC}") = "Tyuiu.BukhryakovAY.Sprint4.Task2.V1", "Tyuiu.BukhryakovAY.Sprint4.Task2.V1\Tyuiu.BukhryakovAY.Sprint4.Task2.V1.csproj", "{8519B5E2-D86B-454B-A80F-9D9B8AC08A80}"
EndProject
Project("{FAE04EC0-301F-11D3-BF4B-00C04F79EFBC}") = "Tyuiu.BukhryakovAY.Sprint4.Task2.V1.Test", "Tyuiu.BukhryakovAY.Sprint4.Task2.V1.Test\Tyuiu.BukhryakovAY.Sprint4.Task2.V1.Test.csproj", "{6393C498-2142-4C98-9CDD-6BB1DB6994E3}"
EndProject
Project("{FAE04EC0-301F-11D3-BF4B-00C04F79EFBC}") = "Tyuiu.BukhryakovAY.Sprint4.Task2.V1.Lib", "Tyuiu.BukhryakovAY.Sprint4.Task2.V1.Lib\Tyuiu.BukhryakovAY.Sprint4.Task2.V1.Lib.csproj", "{DA823B80-2CA9-4548-8837-17684997C1C9}"
EndProject
Project("{2150E333-8FDC-42A3-9474-1A3956D46DE8}") = "Task3", "Task3", "{1117E9AD-9DD8-455C-BA93-22697BD67C2F}"
EndProject
Project("{FAE04EC0-301F-11D3-BF4B-00C04F79EFBC}") = "Tyuiu.BukhryakovAY.Sprint4.Task3.V7", "Tyuiu.BukhryakovAY.Sprint4.Task3.V7\Tyuiu.BukhryakovAY.Sprint4.Task3.V7.csproj", "{48295E15-33BA-47D0-8C66-827F4EF61044}"
EndProject
Project("{FAE04EC0-301F-11D3-BF4B-00C04F79EFBC}") = "Tyuiu.BukhryakovAY.Sprint4.Task3.V7.Lib", "Tyuiu.BukhryakovAY.Sprint4.Task3.V7.Lib\Tyuiu.BukhryakovAY.Sprint4.Task3.V7.Lib.csproj", "{6F844F6F-85E8-48B8-B970-D187AD989748}"
EndProject
Project("{FAE04EC0-301F-11D3-BF4B-00C04F79EFBC}") = "Tyuiu.BukhryakovAY.Sprint4.Task3.V7.Test", "Tyuiu.BukhryakovAY.Sprint4.Task3.V7.Test\Tyuiu.BukhryakovAY.Sprint4.Task3.V7.Test.csproj", "{698652E0-1AF3-482B-9FB0-05BC2DA79D94}"
EndProject
Project("{2150E333-8FDC-42A3-9474-1A3956D46DE8}") = "Task4", "Task4", "{7A9BCFF0-22FD-43E6-B5AE-CEE7FA26841E}"
EndProject
Project("{FAE04EC0-301F-11D3-BF4B-00C04F79EFBC}") = "Tyuiu.BukhryakovAY.Sprint4.Task4.V28", "Tyuiu.BukhryakovAY.Sprint4.Task4.V28\Tyuiu.BukhryakovAY.Sprint4.Task4.V28.csproj", "{EB01F08D-9F51-4036-8F2B-1AA88ED93812}"
EndProject
Project("{FAE04EC0-301F-11D3-BF4B-00C04F79EFBC}") = "Tyuiu.BukhryakovAY.Sprint4.Task4.V28.Test", "Tyuiu.BukhryakovAY.Sprint4.Task4.V28.Test\Tyuiu.BukhryakovAY.Sprint4.Task4.V28.Test.csproj", "{768DC6D8-2D09-4A6B-92EF-006B4751D83C}"
EndProject
Project("{FAE04EC0-301F-11D3-BF4B-00C04F79EFBC}") = "Tyuiu.BukhryakovAY.Sprint4.Task4.V28.Lib", "Tyuiu.BukhryakovAY.Sprint4.Task4.V28.Lib\Tyuiu.BukhryakovAY.Sprint4.Task4.V28.Lib.csproj", "{E48C06EA-64ED-46C5-919E-A15097F97860}"
EndProject
Global
	GlobalSection(SolutionConfigurationPlatforms) = preSolution
		Debug|Any CPU = Debug|Any CPU
		Release|Any CPU = Release|Any CPU
	EndGlobalSection
	GlobalSection(ProjectConfigurationPlatforms) = postSolution
		{24A95DDD-3A54-4996-981B-D6DC2F1C373F}.Debug|Any CPU.ActiveCfg = Debug|Any CPU
		{24A95DDD-3A54-4996-981B-D6DC2F1C373F}.Debug|Any CPU.Build.0 = Debug|Any CPU
		{24A95DDD-3A54-4996-981B-D6DC2F1C373F}.Release|Any CPU.ActiveCfg = Release|Any CPU
		{24A95DDD-3A54-4996-981B-D6DC2F1C373F}.Release|Any CPU.Build.0 = Release|Any CPU
		{5DBA9ACC-EDC0-4562-9056-01803329181A}.Debug|Any CPU.ActiveCfg = Debug|Any CPU
		{5DBA9ACC-EDC0-4562-9056-01803329181A}.Debug|Any CPU.Build.0 = Debug|Any CPU
		{5DBA9ACC-EDC0-4562-9056-01803329181A}.Release|Any CPU.ActiveCfg = Release|Any CPU
		{5DBA9ACC-EDC0-4562-9056-01803329181A}.Release|Any CPU.Build.0 = Release|Any CPU
		{0CA23091-BF07-4A8B-A2E6-E1FBBBE95C10}.Debug|Any CPU.ActiveCfg = Debug|Any CPU
		{0CA23091-BF07-4A8B-A2E6-E1FBBBE95C10}.Debug|Any CPU.Build.0 = Debug|Any CPU
		{0CA23091-BF07-4A8B-A2E6-E1FBBBE95C10}.Release|Any CPU.ActiveCfg = Release|Any CPU
		{0CA23091-BF07-4A8B-A2E6-E1FBBBE95C10}.Release|Any CPU.Build.0 = Release|Any CPU
		{1E87BCA1-8C8E-4277-B2C6-E519FD42A977}.Debug|Any CPU.ActiveCfg = Debug|Any CPU
		{1E87BCA1-8C8E-4277-B2C6-E519FD42A977}.Debug|Any CPU.Build.0 = Debug|Any CPU
		{1E87BCA1-8C8E-4277-B2C6-E519FD42A977}.Release|Any CPU.ActiveCfg = Release|Any CPU
		{1E87BCA1-8C8E-4277-B2C6-E519FD42A977}.Release|Any CPU.Build.0 = Release|Any CPU
		{E6F075E7-0A6D-4DF8-9A57-5202B6103992}.Debug|Any CPU.ActiveCfg = Debug|Any CPU
		{E6F075E7-0A6D-4DF8-9A57-5202B6103992}.Debug|Any CPU.Build.0 = Debug|Any CPU
		{E6F075E7-0A6D-4DF8-9A57-5202B6103992}.Release|Any CPU.ActiveCfg = Release|Any CPU
		{E6F075E7-0A6D-4DF8-9A57-5202B6103992}.Release|Any CPU.Build.0 = Release|Any CPU
		{4AF33AFE-950F-4FF9-BA58-83E325211159}.Debug|Any CPU.ActiveCfg = Debug|Any CPU
		{4AF33AFE-950F-4FF9-BA58-83E325211159}.Debug|Any CPU.Build.0 = Debug|Any CPU
		{4AF33AFE-950F-4FF9-BA58-83E325211159}.Release|Any CPU.ActiveCfg = Release|Any CPU
		{4AF33AFE-950F-4FF9-BA58-83E325211159}.Release|Any CPU.Build.0 = Release|Any CPU
		{8519B5E2-D86B-454B-A80F-9D9B8AC08A80}.Debug|Any CPU.ActiveCfg = Debug|Any CPU
		{8519B5E2-D86B-454B-A80F-9D9B8AC08A80}.Debug|Any CPU.Build.0 = Debug|Any CPU
		{8519B5E2-D86B-454B-A80F-9D9B8AC08A80}.Release|Any CPU.ActiveCfg = Release|Any CPU
		{8519B5E2-D86B-454B-A80F-9D9B8AC08A80}.Release|Any CPU.Build.0 = Release|Any CPU
		{6393C498-2142-4C98-9CDD-6BB1DB6994E3}.Debug|Any CPU.ActiveCfg = Debug|Any CPU
		{6393C498-2142-4C98-9CDD-6BB1DB6994E3}.Debug|Any CPU.Build.0 = Debug|Any CPU
		{6393C498-2142-4C98-9CDD-6BB1DB6994E3}.Release|Any CPU.ActiveCfg = Release|Any CPU
		{6393C498-2142-4C98-9CDD-6BB1DB6994E3}.Release|Any CPU.Build.0 = Release|Any CPU
		{DA823B80-2CA9-4548-8837-17684997C1C9}.Debug|Any CPU.ActiveCfg = Debug|Any CPU
		{DA823B80-2CA9-4548-8837-17684997C1C9}.Debug|Any CPU.Build.0 = Debug|Any CPU
		{DA823B80-2CA9-4548-8837-17684997C1C9}.Release|Any CPU.ActiveCfg = Release|Any CPU
		{DA823B80-2CA9-4548-8837-17684997C1C9}.Release|Any CPU.Build.0 = Release|Any CPU
		{48295E15-33BA-47D0-8C66-827F4EF61044}.Debug|Any CPU.ActiveCfg = Debug|Any CPU
		{48295E15-33BA-47D0-8C66-827F4EF61044}.Debug|Any CPU.Build.0 = Debug|Any CPU
		{48295E15-33BA-47D0-8C66-827F4EF61044}.Release|Any CPU.ActiveCfg = Release|Any CPU
		{48295E15-33BA-47D0-8C66-827F4EF61044}.Release|Any CPU.Build.0 = Release|Any CPU
		{6F844F6F-85E8-48B8-B970-D187AD989748}.Debug|Any CPU.ActiveCfg = Debug|Any CPU
		{6F844F6F-85E8-48B8-B970-D187AD989748}.Debug|Any CPU.Build.0 = Debug|Any CPU
		{6F844F6F-85E8-48B8-B970-D187AD989748}.Release|Any CPU.ActiveCfg = Release|Any CPU
		{6F844F6F-85E8-48B8-B970-D187AD989748}.Release|Any CPU.Build.0 = Release|Any CPU
		{698652E0-1AF3-482B-9FB0-05BC2DA79D94}.Debug|Any CPU.ActiveCfg = Debug|Any CPU
		{698652E0-1AF3-482B-9FB0-05BC2DA79D94}.Debug|Any CPU.Build.0 = Debug|Any CPU
		{698652E0-1AF3-482B-9FB0-05BC2DA79D94}.Release|Any CPU.ActiveCfg = Release|Any CPU
		{698652E0-1AF3-482B-9FB0-05BC2DA79D94}.Release|Any CPU.Build.0 = Release|Any CPU
		{EB01F08D-9F51-4036-8F2B-1AA88ED93812}.Debug|Any CPU.ActiveCfg = Debug|Any CPU
		{EB01F08D-9F51-4036-8F2B-1AA88ED93812}.Debug|Any CPU.Build.0 = Debug|Any CPU
		{EB01F08D-9F51-4036-8F2B-1AA88ED93812}.Release|Any CPU.ActiveCfg = Release|Any CPU
		{EB01F08D-9F51-4036-8F2B-1AA88ED93812}.Release|Any CPU.Build.0 = Release|Any CPU
		{768DC6D8-2D09-4A6B-92EF-006B4751D83C}.Debug|Any CPU.ActiveCfg = Debug|Any CPU
		{768DC6D8-2D09-4A6B-92EF-006B4751D83C}.Debug|Any CPU.Build.0 = Debug|Any CPU
		{768DC6D8-2D09-4A6B-92EF-006B4751D83C}.Release|Any CPU.ActiveCfg = Release|Any CPU
		{768DC6D8-2D09-4A6B-92EF-006B4751D83C}.Release|Any CPU.Build.0 = Release|Any CPU
		{E48C06EA-64ED-46C5-919E-A15097F97860}.Debug|Any CPU.ActiveCfg = Debug|Any CPU
		{E48C06EA-64ED-46C5-919E-A15097F97860}.Debug|Any CPU.Build.0 = Debug|Any CPU
		{E48C06EA-64ED-46C5-919E-A15097F97860}.Release|Any CPU.ActiveCfg = Release|Any CPU
		{E48C06EA-64ED-46C5-919E-A15097F97860}.Release|Any CPU.Build.0 = Release|Any CPU
	EndGlobalSection
	GlobalSection(SolutionProperties) = preSolution
		HideSolutionNode = FALSE
	EndGlobalSection
	GlobalSection(NestedProjects) = preSolution
		{24A95DDD-3A54-4996-981B-D6DC2F1C373F} = {02EA681E-C7D8-13C7-8484-4AC65E1B71E8}
		{5DBA9ACC-EDC0-4562-9056-01803329181A} = {02EA681E-C7D8-13C7-8484-4AC65E1B71E8}
		{0CA23091-BF07-4A8B-A2E6-E1FBBBE95C10} = {02EA681E-C7D8-13C7-8484-4AC65E1B71E8}
		{1E87BCA1-8C8E-4277-B2C6-E519FD42A977} = {765456D7-8C56-49F5-800E-BFA2E41C4763}
		{E6F075E7-0A6D-4DF8-9A57-5202B6103992} = {765456D7-8C56-49F5-800E-BFA2E41C4763}
		{4AF33AFE-950F-4FF9-BA58-83E325211159} = {765456D7-8C56-49F5-800E-BFA2E41C4763}
		{8519B5E2-D86B-454B-A80F-9D9B8AC08A80} = {5B7D9E2C-6486-4A37-A5DE-7DE2204ABC4E}
		{6393C498-2142-4C98-9CDD-6BB1DB6994E3} = {5B7D9E2C-6486-4A37-A5DE-7DE2204ABC4E}
		{DA823B80-2CA9-4548-8837-17684997C1C9} = {5B7D9E2C-6486-4A37-A5DE-7DE2204ABC4E}
		{48295E15-33BA-47D0-8C66-827F4EF61044} = {1117E9AD-9DD8-455C-BA93-22697BD67C2F}
		{6F844F6F-85E8-48B8-B970-D187AD989748} = {1117E9AD-9DD8-455C-BA93-22697BD67C2F}
		{698652E0-1AF3-482B-9FB0-05BC2DA79D94} = {1117E9AD-9DD8-455C-BA93-22697BD67C2F}
		{EB01F08D-9F51-4036-8F2B-1AA88ED93812} = {7A9BCFF0-22FD-43E6-B5AE-CEE7FA26841E}
		{768DC6D8-2D09-4A6B-92EF-006B4751D83C} = {7A9BCFF0-22FD-43E6-B5AE-CEE7FA26841E}
		{E48C06EA-64ED-46C5-919E-A15097F97860} = {7A9BCFF0-22FD-43E6-B5AE-CEE7FA26841E}
	EndGlobalSection
	GlobalSection(ExtensibilityGlobals) = postSolution
		SolutionGuid = {701F9D47-9498-45B2-8487-0CA14E7966F3}
	EndGlobalSection
EndGlobal
