
Microsoft Visual Studio Solution File, Format Version 12.00
# Visual Studio Version 17
VisualStudioVersion = 17.14.36414.22 d17.14
MinimumVisualStudioVersion = 10.0.40219.1
Project("{2150E333-8FDC-42A3-9474-1A3956D46DE8}") = "Task0", "Task0", "{02EA681E-C7D8-13C7-8484-4AC65E1B71E8}"
EndProject
Project("{FAE04EC0-301F-11D3-BF4B-00C04F79EFBC}") = "Tyuiu.BukhryakovAY.Sprint4.Task0.V16", "Tyuiu.BukhryakovAY.Sprint4.Task0.V16\Tyuiu.BukhryakovAY.Sprint4.Task0.V16.csproj", "{24A95DDD-3A54-4996-981B-D6DC2F1C373F}"
EndProject
Project("{FAE04EC0-301F-11D3-BF4B-00C04F79EFBC}") = "Tyuiu.BukhryakovAY.Sprint4.Task0.V16.Test", "Tyuiu.BukhryakovAY.Sprint4.Task0.V16.Test\Tyuiu.BukhryakovAY.Sprint4.Task0.V16.Test.csproj", "{5DBA9ACC-EDC0-4562-9056-01803329181A}"
EndProject
Project("{FAE04EC0-301F-11D3-BF4B-00C04F79EFBC}") = "Tyuiu.BukhryakovAY.Sprint4.Task0.V16.Lib", "Tyuiu.BukhryakovAY.Sprint4.Task0.V16.Lib\Tyuiu.BukhryakovAY.Sprint4.Task0.V16.Lib.csproj", "{0CA23091-BF07-4A8B-A2E6-E1FBBBE95C10}"
EndProject
Global
	GlobalSection(SolutionConfigurationPlatforms) = preSolution
		Debug|Any CPU = Debug|Any CPU
		Release|Any CPU = Release|Any CPU
	EndGlobalSection
	GlobalSection(ProjectConfigurationPlatforms) = postSolution
		{24A95DDD-3A54-4996-981B-D6DC2F1C373F}.Debug|Any CPU.ActiveCfg = Debug|Any CPU
		{24A95DDD-3A54-4996-981B-D6DC2F1C373F}.Debug|Any CPU.Build.0 = Debug|Any CPU
		{24A95DDD-3A54-4996-981B-D6DC2F1C373F}.Release|Any CPU.ActiveCfg = Release|Any CPU
		{24A95DDD-3A54-4996-981B-D6DC2F1C373F}.Release|Any CPU.Build.0 = Release|Any CPU
		{5DBA9ACC-EDC0-4562-9056-01803329181A}.Debug|Any CPU.ActiveCfg = Debug|Any CPU
		{5DBA9ACC-EDC0-4562-9056-01803329181A}.Debug|Any CPU.Build.0 = Debug|Any CPU
		{5DBA9ACC-EDC0-4562-9056-01803329181A}.Release|Any CPU.ActiveCfg = Release|Any CPU
		{5DBA9ACC-EDC0-4562-9056-01803329181A}.Release|Any CPU.Build.0 = Release|Any CPU
		{0CA23091-BF07-4A8B-A2E6-E1FBBBE95C10}.Debug|Any CPU.ActiveCfg = Debug|Any CPU
		{0CA23091-BF07-4A8B-A2E6-E1FBBBE95C10}.Debug|Any CPU.Build.0 = Debug|Any CPU
		{0CA23091-BF07-4A8B-A2E6-E1FBBBE95C10}.Release|Any CPU.ActiveCfg = Release|Any CPU
		{0CA23091-BF07-4A8B-A2E6-E1FBBBE95C10}.Release|Any CPU.Build.0 = Release|Any CPU
	EndGlobalSection
	GlobalSection(SolutionProperties) = preSolution
		HideSolutionNode = FALSE
	EndGlobalSection
	GlobalSection(NestedProjects) = preSolution
		{24A95DDD-3A54-4996-981B-D6DC2F1C373F} = {02EA681E-C7D8-13C7-8484-4AC65E1B71E8}
		{5DBA9ACC-EDC0-4562-9056-01803329181A} = {02EA681E-C7D8-13C7-8484-4AC65E1B71E8}
		{0CA23091-BF07-4A8B-A2E6-E1FBBBE95C10} = {02EA681E-C7D8-13C7-8484-4AC65E1B71E8}
	EndGlobalSection
	GlobalSection(ExtensibilityGlobals) = postSolution
		SolutionGuid = {701F9D47-9498-45B2-8487-0CA14E7966F3}
	EndGlobalSection
EndGlobal
